
Microsoft Visual Studio Solution File, Format Version 12.00
# Visual Studio 15
VisualStudioVersion = 15.0.27130.2010
MinimumVisualStudioVersion = 10.0.40219.1
Project("{FAE04EC0-301F-11D3-BF4B-00C04F79EFBC}") = "GamerSkyLite-CS", "GamerSkyLite-CS\GamerSkyLite-CS.csproj", "{6EDCF44E-9DAE-4209-B245-5F3B7163958A}"
EndProject
Global
	GlobalSection(SolutionConfigurationPlatforms) = preSolution
		Debug|Any CPU = Debug|Any CPU
		Debug|x86 = Debug|x86
		Release|Any CPU = Release|Any CPU
		Release|x86 = Release|x86
	EndGlobalSection
	GlobalSection(ProjectConfigurationPlatforms) = postSolution
		{6EDCF44E-9DAE-4209-B245-5F3B7163958A}.Debug|Any CPU.ActiveCfg = Debug|Any CPU
		{6EDCF44E-9DAE-4209-B245-5F3B7163958A}.Debug|Any CPU.Build.0 = Debug|Any CPU
		{6EDCF44E-9DAE-4209-B245-5F3B7163958A}.Debug|x86.ActiveCfg = Debug|x86
		{6EDCF44E-9DAE-4209-B245-5F3B7163958A}.Debug|x86.Build.0 = Debug|x86
		{6EDCF44E-9DAE-4209-B245-5F3B7163958A}.Release|Any CPU.ActiveCfg = Release|Any CPU
		{6EDCF44E-9DAE-4209-B245-5F3B7163958A}.Release|Any CPU.Build.0 = Release|Any CPU
		{6EDCF44E-9DAE-4209-B245-5F3B7163958A}.Release|x86.ActiveCfg = Release|x86
		{6EDCF44E-9DAE-4209-B245-5F3B7163958A}.Release|x86.Build.0 = Release|x86
	EndGlobalSection
	GlobalSection(SolutionProperties) = preSolution
		HideSolutionNode = FALSE
	EndGlobalSection
	GlobalSection(ExtensibilityGlobals) = postSolution
		SolutionGuid = {36304D94-3078-4034-9025-95CA85088A2A}
	EndGlobalSection
EndGlobal
